# This file is autogenerated, do not edit; changes may be undone by the next 'dep ensure'.


[[projects]]
  branch = "master"
  digest = "1:1237f2e0fe3256bbce813cc1bafddaf26b85bddbd2f8c08c30eb845140198aee"
  name = "github.com/armon/consul-api"
  packages = ["."]
  pruneopts = "UT"
  revision = "eb2c6b5be1b66bab83016e0b05f01b8d5496ffbd"

[[projects]]
  digest = "1:0f98f59e9a2f4070d66f0c9c39561f68fcd1dc837b22a852d28d0003aebd1b1e"
  name = "github.com/boltdb/bolt"
  packages = ["."]
  pruneopts = "UT"
  revision = "2f1ce7a837dcb8da3ec595b1dac9d0632f0f99e8"
  version = "v1.3.1"

[[projects]]
  digest = "1:2209584c0f7c9b68c23374e659357ab546e1b70eec2761f03280f69a8fd23d77"
  name = "github.com/cenkalti/backoff"
  packages = ["."]
  pruneopts = "UT"
  revision = "2ea60e5f094469f9e65adb9cd103795b73ae743e"
  version = "v2.0.0"

[[projects]]
  digest = "1:ece8cff953ed3dbbbf5d5aa41e24f61ac4c1b601004aea9d56d572af363b71e7"
  name = "github.com/coreos/etcd"
  packages = [
    "client",
    "pkg/pathutil",
    "pkg/srv",
    "pkg/types",
    "version",
  ]
  pruneopts = "UT"
  revision = "fca8add78a9d926166eb739b8e4a124434025ba3"
  version = "v3.3.9"

[[projects]]
  digest = "1:0ef770954bca104ee99b3b6b7f9b240605ac03517d9f98cbc1893daa03f3c038"
  name = "github.com/coreos/go-semver"
  packages = ["semver"]
  pruneopts = "UT"
  revision = "8ab6407b697782a06568d4b7f1db25550ec2e4c6"
  version = "v0.2.0"

[[projects]]
  digest = "1:1da3a221f0bc090792d3a2a080ff09008427c0e0f0533a4ed6abd8994421da73"
  name = "github.com/coreos/go-systemd"
  packages = ["daemon"]
  pruneopts = "UT"
  revision = "39ca1b05acc7ad1220e09f133283b8859a8b71ab"
  version = "v17"

[[projects]]
  branch = "master"
  digest = "1:95db312e6d2dc8c5b68f2f2d6dda5074f4471fa0e4887d6fa7a03a1673f0c126"
  name = "github.com/fcavani/afero"
  packages = ["."]
  pruneopts = "UT"
  revision = "6e306319996020bafec7016e462d357f7d316d66"

[[projects]]
  branch = "master"
  digest = "1:71ffd65fde3bb2aa737e71d62b2d5de98b0e8701049c5fbf9e71cb42c7fe3378"
  name = "github.com/fcavani/e"
  packages = ["."]
  pruneopts = "UT"
  revision = "42e07cbcdd995edbe519ab69ecf66572fb010413"

[[projects]]
  branch = "master"
  digest = "1:0d9b5502e88e4f8aad7da8edeb306072dd27de1417b97617217e3b8f60e826e8"
  name = "github.com/fcavani/http"
  packages = [
    ".",
    "typeparams",
    "useragent",
  ]
  pruneopts = "UT"
  revision = "e5979532bbb0b55b1c930ce0d6d094dfd0b5015a"

[[projects]]
  branch = "master"
  digest = "1:347e95c7c5231bc99cdb8e323a19a6e0ebac3fb2fa22356c924795e166c896c7"
  name = "github.com/fcavani/net"
  packages = [
    ".",
    "dns",
    "url",
  ]
  pruneopts = "UT"
  revision = "7724a5189c342ab78705732a59723b5234152e78"

[[projects]]
  branch = "master"
  digest = "1:0c3540bd9519118f7251fdb26fa59c56d5de49c3e57d25fb3a5f022d03290423"
  name = "github.com/fcavani/rand"
  packages = ["."]
  pruneopts = "UT"
  revision = "355dc9305085b6e8fd6c48e18eec126d833de035"

[[projects]]
  digest = "1:de7761208541b421ff86f99fdfc29d887c5303483840756f3f958cda05e7787d"
  name = "github.com/fcavani/retry-go"
  packages = ["."]
  pruneopts = "UT"
  revision = "277c01f5c79fcc4118fd1e039ff4a49f0cb630e1"
  version = "2.0.0"

[[projects]]
  branch = "master"
  digest = "1:95d2509940ed818d0444bc11d7488fe4a42f536279e84c028b93f1d4f481bda3"
  name = "github.com/fcavani/slog"
  packages = [
    ".",
    "systemd",
  ]
  pruneopts = "UT"
  revision = "6248d754916ec9dee2ffe46b9ca2147f84e48914"

[[projects]]
  branch = "master"
  digest = "1:8bef144278bea976e15dd67aa1ccfb071d18d4c0d6fbc4cf99208af9c055d5eb"
  name = "github.com/fcavani/systemd"
  packages = [
    "util",
    "watchdog",
  ]
  pruneopts = "UT"
  revision = "516d15e4abcdc6bfdcfcef31a4d01bfeef357620"

[[projects]]
  branch = "master"
  digest = "1:fa893b582faf82fcf92aec2c7f4f87cecbef9eb8e1fb431892bcb19fa0348b64"
  name = "github.com/fcavani/text"
  packages = ["."]
  pruneopts = "UT"
  revision = "b5f799ea3c5e69590d000e16805cff2458140b2c"

[[projects]]
  branch = "master"
  digest = "1:510f6ecbb930b418e9bb9b8186a60530826e97ff896ee0fc0ad3402219a04756"
  name = "github.com/fcavani/types"
  packages = ["."]
  pruneopts = "UT"
  revision = "2905dfdbab13e83dd37d414579ca6f070f6e8472"

[[projects]]
  branch = "master"
  digest = "1:e1e7790d48b0259cdd435e1972d28945ff42f00703b32b46de4bdc0f82094357"
  name = "github.com/fcavani/unicode"
  packages = ["."]
  pruneopts = "UT"
  revision = "d197a1fbe7c62856dfcc1977efc6c2b21fa1bbf4"

[[projects]]
  branch = "master"
  digest = "1:c6fba1b728aec2e1759ab249077418c843197cad557983bb590f8ad3887090d7"
  name = "github.com/fcavani/viperutil"
  packages = ["."]
  pruneopts = "UT"
  revision = "fea72d1d391cd3dbaf4b906b5913fc771f21a7ae"

[[projects]]
  branch = "master"
  digest = "1:950069f47f79eab7e7a0713f7f2a5169c3fbbbd8c86850a68b047b2e3c0910fa"
  name = "github.com/fcavani/zeroconf"
  packages = ["."]
  pruneopts = "UT"
  revision = "367dc0c25cef6bce0c48045f1cff9e0d68de6930"

[[projects]]
  digest = "1:abeb38ade3f32a92943e5be54f55ed6d6e3b6602761d74b4aab4c9dd45c18abd"
  name = "github.com/fsnotify/fsnotify"
  packages = ["."]
  pruneopts = "UT"
  revision = "c2828203cd70a50dcccfb2761f8b1f8ceef9a8e9"
  version = "v1.4.7"

[[projects]]
  digest = "1:15042ad3498153684d09f393bbaec6b216c8eec6d61f63dff711de7d64ed8861"
  name = "github.com/golang/protobuf"
  packages = ["proto"]
  pruneopts = "UT"
  revision = "b4deda0973fb4c70b50d226b1af49f3da59f5265"
  version = "v1.1.0"

[[projects]]
  digest = "1:e72d1ebb8d395cf9f346fd9cbc652e5ae222dd85e0ac842dc57f175abed6d195"
  name = "github.com/gorilla/securecookie"
  packages = ["."]
  pruneopts = "UT"
  revision = "e59506cc896acb7f7bf732d4fdf5e25f7ccd8983"
  version = "v1.1.1"

[[projects]]
  branch = "master"
  digest = "1:a361611b8c8c75a1091f00027767f7779b29cb37c456a71b8f2604c88057ab40"
  name = "github.com/hashicorp/hcl"
  packages = [
    ".",
    "hcl/ast",
    "hcl/parser",
    "hcl/printer",
    "hcl/scanner",
    "hcl/strconv",
    "hcl/token",
    "json/parser",
    "json/scanner",
    "json/token",
  ]
  pruneopts = "UT"
  revision = "ef8a98b0bbce4a65b5aa4c368430a80ddc533168"

[[projects]]
  digest = "1:c568d7727aa262c32bdf8a3f7db83614f7af0ed661474b24588de635c20024c7"
  name = "github.com/magiconair/properties"
  packages = ["."]
  pruneopts = "UT"
  revision = "c2353362d570a7bfa228149c62842019201cfb71"
  version = "v1.8.0"

[[projects]]
  digest = "1:463e4140189f8194f9121ca1c7fe3b8e9e9a2ab3d949b43c835c21034927dc62"
  name = "github.com/miekg/dns"
  packages = ["."]
  pruneopts = "UT"
  revision = "5a2b9fab83ff0f8bfc99684bd5f43a37abe560f1"
  version = "v1.0.8"

[[projects]]
  branch = "master"
  digest = "1:5ab79470a1d0fb19b041a624415612f8236b3c06070161a910562f2b2d064355"
  name = "github.com/mitchellh/mapstructure"
  packages = ["."]
  pruneopts = "UT"
  revision = "f15292f7a699fcc1a38a80977f80a046874ba8ac"

[[projects]]
  digest = "1:95741de3af260a92cc5c7f3f3061e85273f5a81b5db20d4bd68da74bd521675e"
  name = "github.com/pelletier/go-toml"
  packages = ["."]
  pruneopts = "UT"
  revision = "c01d1270ff3e442a8a57cddc1c92dc1138598194"
  version = "v1.2.0"

[[projects]]
  digest = "1:f7805d1cc7776d00da2aa3dbacf85927e58e6dad630ba9f3ea5b92d719f96269"
  name = "github.com/sony/gobreaker"
  packages = ["."]
  pruneopts = "UT"
  revision = "e9556a45379ef1da12e54847edb2fb3d7d566f36"
  version = "0.3.0"

[[projects]]
  digest = "1:bd1ae00087d17c5a748660b8e89e1043e1e5479d0fea743352cda2f8dd8c4f84"
  name = "github.com/spf13/afero"
  packages = [
    ".",
    "mem",
  ]
  pruneopts = "UT"
  revision = "787d034dfe70e44075ccc060d346146ef53270ad"
  version = "v1.1.1"

[[projects]]
  digest = "1:516e71bed754268937f57d4ecb190e01958452336fa73dbac880894164e91c1f"
  name = "github.com/spf13/cast"
  packages = ["."]
  pruneopts = "UT"
  revision = "8965335b8c7107321228e3e3702cab9832751bac"
  version = "v1.2.0"

[[projects]]
  branch = "master"
  digest = "1:080e5f630945ad754f4b920e60b4d3095ba0237ebf88dc462eb28002932e3805"
  name = "github.com/spf13/jwalterweatherman"
  packages = ["."]
  pruneopts = "UT"
  revision = "7c0cea34c8ece3fbeb2b27ab9b59511d360fb394"

[[projects]]
  digest = "1:9424f440bba8f7508b69414634aef3b2b3a877e522d8a4624692412805407bb7"
  name = "github.com/spf13/pflag"
  packages = ["."]
  pruneopts = "UT"
  revision = "583c0c0531f06d5278b7d917446061adc344b5cd"
  version = "v1.0.1"

[[projects]]
  digest = "1:59e7dceb53b4a1e57eb1eb0bf9951ff0c25912df7660004a789b62b4e8cdca3b"
  name = "github.com/spf13/viper"
  packages = ["."]
  pruneopts = "UT"
  revision = "b5e8006cbee93ec955a89ab31e0e3ce3204f3736"
  version = "v1.0.2"

[[projects]]
  digest = "1:7523f328d3049887e839417f759caa8bc83941bcfdf9b8f4be60187544e24b73"
  name = "github.com/tdewolff/minify"
  packages = ["."]
  pruneopts = "UT"
  revision = "8d72a4127ae33b755e95bffede9b92e396267ce2"
  version = "v2.3.5"

[[projects]]
  digest = "1:abdd343e95e19ad76081f22e913e8109e4ebd2dd6774b06c35ba85230fb54534"
  name = "github.com/tdewolff/parse"
  packages = [
    ".",
    "buffer",
    "strconv",
  ]
  pruneopts = "UT"
  revision = "d739d6fccb0971177e06352fea02d3552625efb1"
  version = "v2.3.3"

[[projects]]
  digest = "1:9a6cce05588eb1d696704c425d5839580e0167c08b53a7c3db57d3de6e5ab49e"
  name = "github.com/ugorji/go"
  packages = ["codec"]
  pruneopts = "UT"
  revision = "bdcc60b419d136a85cdf2e7cbcac34b3f1cd6e57"

[[projects]]
  branch = "master"
  digest = "1:b2faf2256a00b05784390fbd8ea4b22519ea62daf751fef4ab4ce583c66abf1b"
  name = "github.com/xordataexchange/crypt"
  packages = [
    "backend",
    "backend/consul",
    "backend/etcd",
    "config",
    "encoding/secconf",
  ]
  pruneopts = "UT"
  revision = "b2862e3d0a775f18c7cfe02273500ae307b61218"

[[projects]]
  branch = "master"
  digest = "1:c35a2d130f5d6cc2836238a3c5960a70ba53ae3b11348197c685224f71fc0bf6"
  name = "golang.org/x/crypto"
  packages = [
    "cast5",
    "ed25519",
    "ed25519/internal/edwards25519",
    "openpgp",
    "openpgp/armor",
    "openpgp/elgamal",
    "openpgp/errors",
    "openpgp/packet",
    "openpgp/s2k",
  ]
  pruneopts = "UT"
  revision = "56440b844dfe139a8ac053f4ecac0b20b79058f4"

[[projects]]
  branch = "master"
  digest = "1:6b3f7f116c4ac867223d027ae4a01155682b4c50521ad507ff6ee2bc8d1ffb4a"
  name = "golang.org/x/exp"
  packages = ["utf8string"]
  pruneopts = "UT"
  revision = "14dda7b62fcdb381624aaca63b04df07203856d4"

[[projects]]
  branch = "master"
  digest = "1:f0e00c33c6a4691ce8175a3af8e9568bba267e77d541a3b630b915df6bb377cd"
  name = "golang.org/x/net"
  packages = [
    "bpf",
    "context",
    "idna",
    "internal/iana",
    "internal/socket",
    "ipv4",
    "ipv6",
  ]
  pruneopts = "UT"
  revision = "f4c29de78a2a91c00474a2e689954305c350adf9"

[[projects]]
  branch = "master"
  digest = "1:9ec6ad2659635ba0974dd7e55bf84233523eb4e7535c9a2fddaefc4cc62a3eac"
  name = "golang.org/x/sys"
  packages = ["unix"]
  pruneopts = "UT"
  revision = "0ffbfd41fbef8ffcf9b62b0b0aa3a5873ed7a4fe"

[[projects]]
  digest = "1:a2ab62866c75542dd18d2b069fec854577a20211d7c0ea6ae746072a1dccdd18"
  name = "golang.org/x/text"
  packages = [
    "collate",
    "collate/build",
    "internal/colltab",
    "internal/gen",
    "internal/tag",
    "internal/triegen",
    "internal/ucd",
    "language",
    "secure/bidirule",
    "transform",
    "unicode/bidi",
    "unicode/cldr",
    "unicode/norm",
    "unicode/rangetable",
  ]
  pruneopts = "UT"
  revision = "f21a4dfb5e38f5895301dc265a8def02365cc3d0"
  version = "v0.3.0"

[[projects]]
  digest = "1:e035746398055c893b89370aa82b8e7ffb4940b689c6e5626300591e5a33d83d"
  name = "google.golang.org/appengine"
  packages = [
    ".",
    "datastore",
    "internal",
    "internal/app_identity",
    "internal/base",
    "internal/datastore",
    "internal/log",
    "internal/modules",
    "internal/remote_api",
  ]
  pruneopts = "UT"
  revision = "b1f26356af11148e710935ed1ac8a7f5702c7612"
  version = "v1.1.0"

[[projects]]
  branch = "v2"
  digest = "1:d84b5bb639a0c3480b748143d848dfd835d6afaaf602f9ab27da25fba5f14c08"
  name = "gopkg.in/fcavani/httprouter.v2"
  packages = ["."]
  pruneopts = "UT"
  revision = "d6eaf986581ea2a400afb6cd2bb3e0b4d6ccf283"

[[projects]]
  digest = "1:a7438a3f7f92a25e8fb1d67de9ff4fc3355b86249999bf131092b76823db13e6"
  name = "gopkg.in/vmihailenco/msgpack.v2"
  packages = [
    ".",
    "codes",
  ]
  pruneopts = "UT"
  revision = "f4f8982de4ef0de18be76456617cc3f5d8d8141e"
  version = "v2.9.1"

[[projects]]
  digest = "1:342378ac4dcb378a5448dd723f0784ae519383532f5e70ade24132c4c8693202"
  name = "gopkg.in/yaml.v2"
  packages = ["."]
  pruneopts = "UT"
  revision = "5420a8b6744d3b0345ab293f6fcba19c978f1183"
  version = "v2.2.1"

[solve-meta]
  analyzer-name = "dep"
  analyzer-version = 1
  input-imports = [
    "github.com/boltdb/bolt",
    "github.com/cenkalti/backoff",
    "github.com/coreos/etcd/client",
    "github.com/fcavani/afero",
    "github.com/fcavani/e",
    "github.com/fcavani/http",
    "github.com/fcavani/http/typeparams",
    "github.com/fcavani/http/useragent",
    "github.com/fcavani/net/dns",
    "github.com/fcavani/net/url",
    "github.com/fcavani/rand",
    "github.com/fcavani/retry-go",
    "github.com/fcavani/slog",
    "github.com/fcavani/slog/systemd",
    "github.com/fcavani/systemd/watchdog",
    "github.com/fcavani/text",
    "github.com/fcavani/types",
    "github.com/fcavani/viperutil",
    "github.com/gorilla/securecookie",
    "github.com/sony/gobreaker",
    "github.com/spf13/pflag",
    "github.com/spf13/viper",
    "github.com/tdewolff/minify",
    "github.com/xordataexchange/crypt/config",
    "github.com/xordataexchange/crypt/encoding/secconf",
    "golang.org/x/net/idna",
    "gopkg.in/fcavani/httprouter.v2",
    "gopkg.in/vmihailenco/msgpack.v2",
  ]
  solver-name = "gps-cdcl"
  solver-version = 1
